
Microsoft Visual Studio Solution File, Format Version 12.00
# Visual Studio Version 16
VisualStudioVersion = 25.0.1703.8
MinimumVisualStudioVersion = 10.0.40219.1
Project("{FAE04EC0-301F-11D3-BF4B-00C04F79EFBC}") = "WebApi.IntegrationTest", "WebApi.IntegrationTest.csproj", "{016BBFF7-B8A9-411E-BEF1-7272611D8473}"
EndProject
Global
	GlobalSection(SolutionConfigurationPlatforms) = preSolution
		Debug|Any CPU = Debug|Any CPU
		Release|Any CPU = Release|Any CPU
	EndGlobalSection
	GlobalSection(ProjectConfigurationPlatforms) = postSolution
		{016BBFF7-B8A9-411E-BEF1-7272611D8473}.Debug|Any CPU.ActiveCfg = Debug|Any CPU
		{016BBFF7-B8A9-411E-BEF1-7272611D8473}.Debug|Any CPU.Build.0 = Debug|Any CPU
		{016BBFF7-B8A9-411E-BEF1-7272611D8473}.Release|Any CPU.ActiveCfg = Release|Any CPU
		{016BBFF7-B8A9-411E-BEF1-7272611D8473}.Release|Any CPU.Build.0 = Release|Any CPU
	EndGlobalSection
	GlobalSection(SolutionProperties) = preSolution
		HideSolutionNode = FALSE
	EndGlobalSection
	GlobalSection(ExtensibilityGlobals) = postSolution
		SolutionGuid = {15A0045D-575F-4B05-B4B7-16C39B3CF3F8}
	EndGlobalSection
EndGlobal
